
Microsoft Visual Studio Solution File, Format Version 12.00
Project("{FAE04EC0-301F-11D3-BF4B-00C04F79EFBC}") = "OOPS.Console", "OOPS.Console\OOPS.Console.csproj", "{6EB7C2A2-F91F-4AED-B5B2-082E13D83086}"
EndProject
Project("{FAE04EC0-301F-11D3-BF4B-00C04F79EFBC}") = "OOPS.Console.Tests", "OOPS.Console.Tests\OOPS.Console.Tests.csproj", "{47AD07DC-C85E-4657-A475-7F9F1297E9EA}"
EndProject
Global
	GlobalSection(SolutionConfigurationPlatforms) = preSolution
		Debug|Any CPU = Debug|Any CPU
		Release|Any CPU = Release|Any CPU
	EndGlobalSection
	GlobalSection(ProjectConfigurationPlatforms) = postSolution
		{6EB7C2A2-F91F-4AED-B5B2-082E13D83086}.Debug|Any CPU.ActiveCfg = Debug|Any CPU
		{6EB7C2A2-F91F-4AED-B5B2-082E13D83086}.Debug|Any CPU.Build.0 = Debug|Any CPU
		{6EB7C2A2-F91F-4AED-B5B2-082E13D83086}.Release|Any CPU.ActiveCfg = Release|Any CPU
		{6EB7C2A2-F91F-4AED-B5B2-082E13D83086}.Release|Any CPU.Build.0 = Release|Any CPU
		{47AD07DC-C85E-4657-A475-7F9F1297E9EA}.Debug|Any CPU.ActiveCfg = Debug|Any CPU
		{47AD07DC-C85E-4657-A475-7F9F1297E9EA}.Debug|Any CPU.Build.0 = Debug|Any CPU
		{47AD07DC-C85E-4657-A475-7F9F1297E9EA}.Release|Any CPU.ActiveCfg = Release|Any CPU
		{47AD07DC-C85E-4657-A475-7F9F1297E9EA}.Release|Any CPU.Build.0 = Release|Any CPU
	EndGlobalSection
EndGlobal
